# This file was autogenerated by Stack.
# You should not edit this file by hand.
# For more information, please see the documentation at:
#   https://docs.haskellstack.org/en/stable/lock_files

packages:
- completed:
    hackage: timestamp-0.2@sha256:103fe49ce206922d3b14d57d8aff25eaf03c70fef5fcdaeaeb8416aaee163e51,1598
    pantry-tree:
      sha256: 51dc0ab22269973eec829ae476fb3102cfe155ffde2fd1d039dedf65c7842031
      size: 509
  original:
    hackage: timestamp-0.2
- completed:
    hackage: cookies-0.1.0.0@sha256:a095e9e7f451858a831f3d1e0ad2a105f3421a92acb248a8c89aa22dd741600d,706
    pantry-tree:
      sha256: 8c72afaf55ccc41af632fd526176015b905a630e81452ddca5b9faf17f598f22
      size: 251
  original:
    hackage: cookies-0.1.0.0
- completed:
    hackage: chronos-1.1.4@sha256:c51e9c5afce7bb26c01aba10e42f5a29ccafa4a8d6fd9264d68f16419e05ac47,3811
    pantry-tree:
      sha256: acb417125d8a63a7ddc12a2cac425f8d1d6741fc76b40c0de6bb8d226f731727
      size: 581
  original:
    hackage: chronos-1.1.4
- completed:
    hackage: bytebuild-0.3.11.0@sha256:8e854ddd35eb17e10dc3801bbe409b2d23434cc0d58c687060c619920dacfdae,3338
    pantry-tree:
      sha256: 44e0f6c589d6aa1e921eb56895f9083510bf4ec40768bb28d0bcc68486dd0172
      size: 1250
  original:
    hackage: bytebuild-0.3.11.0
- completed:
    hackage: byteslice-0.2.7.0@sha256:b5aa80e6efa143b532d20603fb643767386771ec059adedd87cf72cceaf96420,2403
    pantry-tree:
      sha256: d2b3fe36bbabea0225bbce11f9c61a5c81fea7bfb9f742086284e4d0667d1797
      size: 1546
  original:
    hackage: byteslice-0.2.7.0
- completed:
    hackage: bytesmith-0.3.9.0@sha256:20a2ec7e89d74506c73c0e5e8829cd3ca8ad20b8b88d5de475c02b21fd21c253,1956
    pantry-tree:
      sha256: 64d00f4d6c796d7b4f073ec4a3636a7f2323ee181de8b1d7875651dd35e1f057
      size: 1185
  original:
    hackage: bytesmith-0.3.9.0
- completed:
    hackage: contiguous-0.6.2.0@sha256:34adb3e50fd7de105b8572562dda48c67bc5096dbd3eec0abb4ceeaf7383c4e5,1871
    pantry-tree:
      sha256: 1b4d14b7d2915caf00b3a37f0408c0f661450e780f05aa35891a72605b7272dc
      size: 600
  original:
    hackage: contiguous-0.6.2.0
- completed:
    hackage: run-st-0.1.1.0@sha256:a43245bb23984089016772481bf52bfe63eaff0c5040303f69c9b15e80872fdc,883
    pantry-tree:
      sha256: 06d5d7ecf185a26c15e48cda6c30e8865dae715c528a31466701272fae36d822
      size: 269
  original:
    hackage: run-st-0.1.1.0
- completed:
    hackage: zigzag-0.0.1.0@sha256:ac2f78aa02457ac12d17621c692d29ad30bae205b5be858fbf0e400ac9a9c412,1133
    pantry-tree:
      sha256: 4d37af24d7d68ca428cc9e8c9e909c3c57417a244b59cffcc54f4004405b7d4e
      size: 321
  original:
    hackage: zigzag-0.0.1.0
snapshots:
- completed:
    sha256: 1ecad1f0bd2c27de88dbff6572446cfdf647c615d58a7e2e2085c6b7dfc04176
    size: 619403
    url: https://raw.githubusercontent.com/commercialhaskell/stackage-snapshots/master/lts/19/25.yaml
  original:
    url: https://raw.githubusercontent.com/commercialhaskell/stackage-snapshots/master/lts/19/25.yaml
